
Microsoft Visual Studio Solution File, Format Version 12.00
# Visual Studio Version 16
VisualStudioVersion = 16.0.30204.135
MinimumVisualStudioVersion = 10.0.40219.1
Project("{FAE04EC0-301F-11D3-BF4B-00C04F79EFBC}") = "App1", "App1.csproj", "{AFA97E52-6107-4904-B823-9FBBB0A303F0}"
EndProject
Global
	GlobalSection(SolutionConfigurationPlatforms) = preSolution
		Debug|Any CPU = Debug|Any CPU
		Release|Any CPU = Release|Any CPU
	EndGlobalSection
	GlobalSection(ProjectConfigurationPlatforms) = postSolution
		{AFA97E52-6107-4904-B823-9FBBB0A303F0}.Debug|Any CPU.ActiveCfg = Debug|Any CPU
		{AFA97E52-6107-4904-B823-9FBBB0A303F0}.Debug|Any CPU.Build.0 = Debug|Any CPU
		{AFA97E52-6107-4904-B823-9FBBB0A303F0}.Debug|Any CPU.Deploy.0 = Debug|Any CPU
		{AFA97E52-6107-4904-B823-9FBBB0A303F0}.Release|Any CPU.ActiveCfg = Release|Any CPU
		{AFA97E52-6107-4904-B823-9FBBB0A303F0}.Release|Any CPU.Build.0 = Release|Any CPU
		{AFA97E52-6107-4904-B823-9FBBB0A303F0}.Release|Any CPU.Deploy.0 = Release|Any CPU
	EndGlobalSection
	GlobalSection(SolutionProperties) = preSolution
		HideSolutionNode = FALSE
	EndGlobalSection
	GlobalSection(ExtensibilityGlobals) = postSolution
		SolutionGuid = {A1B1E693-E0B2-429F-80D1-047516755231}
	EndGlobalSection
EndGlobal
