
Microsoft Visual Studio Solution File, Format Version 12.00
# Visual Studio Version 16
VisualStudioVersion = 16.0.30330.147
MinimumVisualStudioVersion = 10.0.40219.1
Project("{FAE04EC0-301F-11D3-BF4B-00C04F79EFBC}") = "Vue JS Template AspNet Core 3.1 Web API1", "Vue JS Template AspNet Core 3.1 Web API1.csproj", "{EF671836-D115-437B-A210-BB22F9A28F7C}"
EndProject
Global
	GlobalSection(SolutionConfigurationPlatforms) = preSolution
		Debug|Any CPU = Debug|Any CPU
		Release|Any CPU = Release|Any CPU
	EndGlobalSection
	GlobalSection(ProjectConfigurationPlatforms) = postSolution
		{EF671836-D115-437B-A210-BB22F9A28F7C}.Debug|Any CPU.ActiveCfg = Debug|Any CPU
		{EF671836-D115-437B-A210-BB22F9A28F7C}.Debug|Any CPU.Build.0 = Debug|Any CPU
		{EF671836-D115-437B-A210-BB22F9A28F7C}.Release|Any CPU.ActiveCfg = Release|Any CPU
		{EF671836-D115-437B-A210-BB22F9A28F7C}.Release|Any CPU.Build.0 = Release|Any CPU
	EndGlobalSection
	GlobalSection(SolutionProperties) = preSolution
		HideSolutionNode = FALSE
	EndGlobalSection
	GlobalSection(ExtensibilityGlobals) = postSolution
		SolutionGuid = {845E01F5-30B7-4EA5-82E6-40C20B3E37DB}
	EndGlobalSection
EndGlobal
